<?xml version="1.0" encoding="utf-8"?>
<Project ToolsVersion="4.0" xmlns="http://schemas.microsoft.com/developer/msbuild/2003">
  <ItemGroup>
    <CudaCompile Include="CuDenseSolvers.cu" />
  </ItemGroup>
  <ItemGroup>
    <ClInclude Include="include\Solvers\BiCGStab.cuh">
      <Filter>Solvers</Filter>
    </ClInclude>
    <ClInclude Include="include\Solvers\Solver.cuh">
      <Filter>Solvers</Filter>
    </ClInclude>
    <ClInclude Include="include\Operators\LinearOperator.h">
      <Filter>Operators</Filter>
    </ClInclude>
    <ClInclude Include="include\Operators\MatrixOperator.cuh">
      <Filter>Operators</Filter>
    </ClInclude>
    <ClInclude Include="BiCGStabKernel.cuh">
      <Filter>Solvers\Kernels</Filter>
    </ClInclude>
    <ClInclude Include="include\Constants.cuh" />
    <ClInclude Include="include\Solvers\BiCGStabWorkspace.cuh">
      <Filter>Solvers\Models</Filter>
    </ClInclude>
  </ItemGroup>
  <ItemGroup>
    <Filter Include="Operators">
      <UniqueIdentifier>{79f3c6b8-e525-4a60-a68c-32d7da56bea5}</UniqueIdentifier>
    </Filter>
    <Filter Include="Solvers">
      <UniqueIdentifier>{17e18418-fe09-4f4d-bbd0-60ec63661f66}</UniqueIdentifier>
    </Filter>
    <Filter Include="Solvers\Kernels">
      <UniqueIdentifier>{63c9e946-abd5-46b5-bb84-c5ae7a79f9c5}</UniqueIdentifier>
    </Filter>
    <Filter Include="Solvers\Models">
      <UniqueIdentifier>{7d3c3a09-3c5c-4b66-bdcd-1715a229697f}</UniqueIdentifier>
    </Filter>
  </ItemGroup>
</Project>